
Microsoft Visual Studio Solution File, Format Version 10.00
# Visual Studio 2008
Project("{8BC9CEB8-8B4A-11D0-8D11-00A0C91BC942}") = "pvcam_dlm", "pvcam_dlm\pvcam_dlm.vcproj", "{1AA385F2-E45E-4523-AFDF-983A02E4248E}"
EndProject
Global
	GlobalSection(SolutionConfigurationPlatforms) = preSolution
		Debug|Win32 = Debug|Win32
		Release|Win32 = Release|Win32
	EndGlobalSection
	GlobalSection(ProjectConfigurationPlatforms) = postSolution
		{1AA385F2-E45E-4523-AFDF-983A02E4248E}.Debug|Win32.ActiveCfg = Debug|Win32
		{1AA385F2-E45E-4523-AFDF-983A02E4248E}.Debug|Win32.Build.0 = Debug|Win32
		{1AA385F2-E45E-4523-AFDF-983A02E4248E}.Release|Win32.ActiveCfg = Release|Win32
		{1AA385F2-E45E-4523-AFDF-983A02E4248E}.Release|Win32.Build.0 = Release|Win32
	EndGlobalSection
	GlobalSection(SolutionProperties) = preSolution
		HideSolutionNode = FALSE
	EndGlobalSection
EndGlobal
